
Microsoft Visual Studio Solution File, Format Version 12.00
# Visual Studio 15
VisualStudioVersion = 15.0.27130.2020
MinimumVisualStudioVersion = 10.0.40219.1
Project("{FAE04EC0-301F-11D3-BF4B-00C04F79EFBC}") = "WhileIteration", "WhileIteration\WhileIteration.csproj", "{ABDBD1A0-5705-436D-BC25-A8DB9AA72E48}"
EndProject
Global
	GlobalSection(SolutionConfigurationPlatforms) = preSolution
		Debug|Any CPU = Debug|Any CPU
		Release|Any CPU = Release|Any CPU
	EndGlobalSection
	GlobalSection(ProjectConfigurationPlatforms) = postSolution
		{ABDBD1A0-5705-436D-BC25-A8DB9AA72E48}.Debug|Any CPU.ActiveCfg = Debug|Any CPU
		{ABDBD1A0-5705-436D-BC25-A8DB9AA72E48}.Debug|Any CPU.Build.0 = Debug|Any CPU
		{ABDBD1A0-5705-436D-BC25-A8DB9AA72E48}.Release|Any CPU.ActiveCfg = Release|Any CPU
		{ABDBD1A0-5705-436D-BC25-A8DB9AA72E48}.Release|Any CPU.Build.0 = Release|Any CPU
	EndGlobalSection
	GlobalSection(SolutionProperties) = preSolution
		HideSolutionNode = FALSE
	EndGlobalSection
	GlobalSection(ExtensibilityGlobals) = postSolution
		SolutionGuid = {6518CB14-4432-4DEF-A3B5-BC661DC5ABCA}
	EndGlobalSection
EndGlobal
